// !$*UTF8*$!
{
	archiveVersion = 1;
	classes = {
	};
	objectVersion = 48;
	objects = {

/* Begin PBXBuildFile section */
		3D75A82F1FF9653A00B93F3C /* star.png in Resources */ = {isa = PBXBuildFile; fileRef = 3D75A82D1FF9653A00B93F3C /* star.png */; };
		3D75A8321FF965B400B93F3C /* prepare.scnp in Resources */ = {isa = PBXBuildFile; fileRef = 3D75A8301FF965B400B93F3C /* prepare.scnp */; };
		3D75A8331FF965B400B93F3C /* spark.png in Resources */ = {isa = PBXBuildFile; fileRef = 3D75A8311FF965B400B93F3C /* spark.png */; };
		8EE2F5291FF5FF4400085BCF /* AppDelegate.swift in Sources */ = {isa = PBXBuildFile; fileRef = 8EE2F5281FF5FF4400085BCF /* AppDelegate.swift */; };
		8EE2F52B1FF5FF4400085BCF /* art.scnassets in Resources */ = {isa = PBXBuildFile; fileRef = 8EE2F52A1FF5FF4400085BCF /* art.scnassets */; };
		8EE2F52D1FF5FF4400085BCF /* GameViewController.swift in Sources */ = {isa = PBXBuildFile; fileRef = 8EE2F52C1FF5FF4400085BCF /* GameViewController.swift */; };
		8EE2F5301FF5FF4400085BCF /* Main.storyboard in Resources */ = {isa = PBXBuildFile; fileRef = 8EE2F52E1FF5FF4400085BCF /* Main.storyboard */; };
		8EE2F5321FF5FF4400085BCF /* Assets.xcassets in Resources */ = {isa = PBXBuildFile; fileRef = 8EE2F5311FF5FF4400085BCF /* Assets.xcassets */; };
		8EE2F5351FF5FF4400085BCF /* LaunchScreen.storyboard in Resources */ = {isa = PBXBuildFile; fileRef = 8EE2F5331FF5FF4400085BCF /* LaunchScreen.storyboard */; };
		8EE2F5401FF5FF4500085BCF /* BumpBumpTests.swift in Sources */ = {isa = PBXBuildFile; fileRef = 8EE2F53F1FF5FF4500085BCF /* BumpBumpTests.swift */; };
		8EE2F54B1FFB4E6600085BCF /* upheavtt.ttf in Resources */ = {isa = PBXBuildFile; fileRef = 8EE2F54A1FFB4E6500085BCF /* upheavtt.ttf */; };
		E642C2D1ABD4ACB6207710A8 /* BoxController.swift in Sources */ = {isa = PBXBuildFile; fileRef = E642C536B41CF0BDAA19DE2F /* BoxController.swift */; };
		E642C35AC971E968970A704D /* PressInputController.swift in Sources */ = {isa = PBXBuildFile; fileRef = E642CCF5B59CA7ACB64B32A5 /* PressInputController.swift */; };
		E642C3D22431159CDEAABB74 /* Player.swift in Sources */ = {isa = PBXBuildFile; fileRef = E642C5042BEA9EFB56615623 /* Player.swift */; };
		E642C4D8C495D166DE36754F /* SimpleCollider.swift in Sources */ = {isa = PBXBuildFile; fileRef = E642CE67597860D537A7CC0E /* SimpleCollider.swift */; };
		E642C62B7B456977C6242AAD /* Game.swift in Sources */ = {isa = PBXBuildFile; fileRef = E642C7B7A1C34A0A12C5CF23 /* Game.swift */; };
		E642CC1D89352CBF1C19D5AE /* GameObject.swift in Sources */ = {isa = PBXBuildFile; fileRef = E642CD8CE262676A27628F46 /* GameObject.swift */; };
		E642CD3666201FCD975B240D /* BaseBox.swift in Sources */ = {isa = PBXBuildFile; fileRef = E642CEF4CB02709223956FB6 /* BaseBox.swift */; };
		E642CDAE7856F862380813DF /* PlayerController.swift in Sources */ = {isa = PBXBuildFile; fileRef = E642CA600B160834871C4791 /* PlayerController.swift */; };
		E642CDAF5932FE2FD881B5A7 /* ControllerProtocol.swift in Sources */ = {isa = PBXBuildFile; fileRef = E642CCECD64139B287B16A3D /* ControllerProtocol.swift */; };
		E642CDD9D0E78B221799436D /* SCNOperators.swift in Sources */ = {isa = PBXBuildFile; fileRef = E642C2BA063ECF17D1A905DE /* SCNOperators.swift */; };
		E642CE1F227FB9AB8187FDA5 /* UIColorExtension.swift in Sources */ = {isa = PBXBuildFile; fileRef = E642CE8621007F60C056AD6E /* UIColorExtension.swift */; };
		E642CE5E13D19EC70C607C73 /* CameraController.swift in Sources */ = {isa = PBXBuildFile; fileRef = E642CA4C54068CEF5173EDA3 /* CameraController.swift */; };
/* End PBXBuildFile section */

/* Begin PBXContainerItemProxy section */
		8EE2F53C1FF5FF4500085BCF /* PBXContainerItemProxy */ = {
			isa = PBXContainerItemProxy;
			containerPortal = 8EE2F51D1FF5FF4400085BCF /* Project object */;
			proxyType = 1;
			remoteGlobalIDString = 8EE2F5241FF5FF4400085BCF;
			remoteInfo = BumpBump;
		};
/* End PBXContainerItemProxy section */

/* Begin PBXFileReference section */
		3D75A82D1FF9653A00B93F3C /* star.png */ = {isa = PBXFileReference; lastKnownFileType = image.png; path = star.png; sourceTree = "<group>"; };
		3D75A8301FF965B400B93F3C /* prepare.scnp */ = {isa = PBXFileReference; lastKnownFileType = file.scp; path = prepare.scnp; sourceTree = "<group>"; };
		3D75A8311FF965B400B93F3C /* spark.png */ = {isa = PBXFileReference; lastKnownFileType = image.png; path = spark.png; sourceTree = "<group>"; };
		8EE2F5251FF5FF4400085BCF /* BumpBump.app */ = {isa = PBXFileReference; explicitFileType = wrapper.application; includeInIndex = 0; path = BumpBump.app; sourceTree = BUILT_PRODUCTS_DIR; };
		8EE2F5281FF5FF4400085BCF /* AppDelegate.swift */ = {isa = PBXFileReference; lastKnownFileType = sourcecode.swift; path = AppDelegate.swift; sourceTree = "<group>"; };
		8EE2F52A1FF5FF4400085BCF /* art.scnassets */ = {isa = PBXFileReference; lastKnownFileType = wrapper.scnassets; path = art.scnassets; sourceTree = "<group>"; };
		8EE2F52C1FF5FF4400085BCF /* GameViewController.swift */ = {isa = PBXFileReference; lastKnownFileType = sourcecode.swift; path = GameViewController.swift; sourceTree = "<group>"; };
		8EE2F52F1FF5FF4400085BCF /* Base */ = {isa = PBXFileReference; lastKnownFileType = file.storyboard; name = Base; path = Base.lproj/Main.storyboard; sourceTree = "<group>"; };
		8EE2F5311FF5FF4400085BCF /* Assets.xcassets */ = {isa = PBXFileReference; lastKnownFileType = folder.assetcatalog; path = Assets.xcassets; sourceTree = "<group>"; };
		8EE2F5341FF5FF4400085BCF /* Base */ = {isa = PBXFileReference; lastKnownFileType = file.storyboard; name = Base; path = Base.lproj/LaunchScreen.storyboard; sourceTree = "<group>"; };
		8EE2F5361FF5FF4400085BCF /* Info.plist */ = {isa = PBXFileReference; lastKnownFileType = text.plist.xml; path = Info.plist; sourceTree = "<group>"; };
		8EE2F53B1FF5FF4500085BCF /* BumpBumpTests.xctest */ = {isa = PBXFileReference; explicitFileType = wrapper.cfbundle; includeInIndex = 0; path = BumpBumpTests.xctest; sourceTree = BUILT_PRODUCTS_DIR; };
		8EE2F53F1FF5FF4500085BCF /* BumpBumpTests.swift */ = {isa = PBXFileReference; lastKnownFileType = sourcecode.swift; path = BumpBumpTests.swift; sourceTree = "<group>"; };
		8EE2F5411FF5FF4500085BCF /* Info.plist */ = {isa = PBXFileReference; lastKnownFileType = text.plist.xml; path = Info.plist; sourceTree = "<group>"; };
		8EE2F54A1FFB4E6500085BCF /* upheavtt.ttf */ = {isa = PBXFileReference; lastKnownFileType = file; path = upheavtt.ttf; sourceTree = "<group>"; };
		E642C2BA063ECF17D1A905DE /* SCNOperators.swift */ = {isa = PBXFileReference; fileEncoding = 4; lastKnownFileType = sourcecode.swift; path = SCNOperators.swift; sourceTree = "<group>"; };
		E642C5042BEA9EFB56615623 /* Player.swift */ = {isa = PBXFileReference; fileEncoding = 4; lastKnownFileType = sourcecode.swift; path = Player.swift; sourceTree = "<group>"; };
		E642C536B41CF0BDAA19DE2F /* BoxController.swift */ = {isa = PBXFileReference; fileEncoding = 4; lastKnownFileType = sourcecode.swift; path = BoxController.swift; sourceTree = "<group>"; };
		E642C7B7A1C34A0A12C5CF23 /* Game.swift */ = {isa = PBXFileReference; fileEncoding = 4; lastKnownFileType = sourcecode.swift; path = Game.swift; sourceTree = "<group>"; };
		E642CA4C54068CEF5173EDA3 /* CameraController.swift */ = {isa = PBXFileReference; fileEncoding = 4; lastKnownFileType = sourcecode.swift; path = CameraController.swift; sourceTree = "<group>"; };
		E642CA600B160834871C4791 /* PlayerController.swift */ = {isa = PBXFileReference; fileEncoding = 4; lastKnownFileType = sourcecode.swift; path = PlayerController.swift; sourceTree = "<group>"; };
		E642CCECD64139B287B16A3D /* ControllerProtocol.swift */ = {isa = PBXFileReference; fileEncoding = 4; lastKnownFileType = sourcecode.swift; path = ControllerProtocol.swift; sourceTree = "<group>"; };
		E642CCF5B59CA7ACB64B32A5 /* PressInputController.swift */ = {isa = PBXFileReference; fileEncoding = 4; lastKnownFileType = sourcecode.swift; path = PressInputController.swift; sourceTree = "<group>"; };
		E642CD8CE262676A27628F46 /* GameObject.swift */ = {isa = PBXFileReference; fileEncoding = 4; lastKnownFileType = sourcecode.swift; path = GameObject.swift; sourceTree = "<group>"; };
		E642CE67597860D537A7CC0E /* SimpleCollider.swift */ = {isa = PBXFileReference; fileEncoding = 4; lastKnownFileType = sourcecode.swift; path = SimpleCollider.swift; sourceTree = "<group>"; };
		E642CE8621007F60C056AD6E /* UIColorExtension.swift */ = {isa = PBXFileReference; fileEncoding = 4; lastKnownFileType = sourcecode.swift; path = UIColorExtension.swift; sourceTree = "<group>"; };
		E642CEF4CB02709223956FB6 /* BaseBox.swift */ = {isa = PBXFileReference; fileEncoding = 4; lastKnownFileType = sourcecode.swift; path = BaseBox.swift; sourceTree = "<group>"; };
/* End PBXFileReference section */

/* Begin PBXFrameworksBuildPhase section */
		8EE2F5221FF5FF4400085BCF /* Frameworks */ = {
			isa = PBXFrameworksBuildPhase;
			buildActionMask = 2147483647;
			files = (
			);
			runOnlyForDeploymentPostprocessing = 0;
		};
		8EE2F5381FF5FF4500085BCF /* Frameworks */ = {
			isa = PBXFrameworksBuildPhase;
			buildActionMask = 2147483647;
			files = (
			);
			runOnlyForDeploymentPostprocessing = 0;
		};
/* End PBXFrameworksBuildPhase section */

/* Begin PBXGroup section */
		3D75A82B1FF9651800B93F3C /* Resources */ = {
			isa = PBXGroup;
			children = (
				8EE2F54A1FFB4E6500085BCF /* upheavtt.ttf */,
				3D75A82D1FF9653A00B93F3C /* star.png */,
				3D75A8301FF965B400B93F3C /* prepare.scnp */,
				3D75A8311FF965B400B93F3C /* spark.png */,
			);
			path = Resources;
			sourceTree = "<group>";
		};
		8EE2F51C1FF5FF4400085BCF = {
			isa = PBXGroup;
			children = (
				8EE2F5271FF5FF4400085BCF /* BumpBump */,
				8EE2F53E1FF5FF4500085BCF /* BumpBumpTests */,
				8EE2F5261FF5FF4400085BCF /* Products */,
			);
			sourceTree = "<group>";
		};
		8EE2F5261FF5FF4400085BCF /* Products */ = {
			isa = PBXGroup;
			children = (
				8EE2F5251FF5FF4400085BCF /* BumpBump.app */,
				8EE2F53B1FF5FF4500085BCF /* BumpBumpTests.xctest */,
			);
			name = Products;
			sourceTree = "<group>";
		};
		8EE2F5271FF5FF4400085BCF /* BumpBump */ = {
			isa = PBXGroup;
			children = (
				3D75A82B1FF9651800B93F3C /* Resources */,
				8EE2F5281FF5FF4400085BCF /* AppDelegate.swift */,
				8EE2F52A1FF5FF4400085BCF /* art.scnassets */,
				8EE2F52C1FF5FF4400085BCF /* GameViewController.swift */,
				8EE2F52E1FF5FF4400085BCF /* Main.storyboard */,
				8EE2F5311FF5FF4400085BCF /* Assets.xcassets */,
				8EE2F5331FF5FF4400085BCF /* LaunchScreen.storyboard */,
				8EE2F5361FF5FF4400085BCF /* Info.plist */,
				E642CD8CE262676A27628F46 /* GameObject.swift */,
				E642C50F1D5B96809AB77C23 /* Game */,
			);
			path = BumpBump;
			sourceTree = "<group>";
		};
		8EE2F53E1FF5FF4500085BCF /* BumpBumpTests */ = {
			isa = PBXGroup;
			children = (
				8EE2F53F1FF5FF4500085BCF /* BumpBumpTests.swift */,
				8EE2F5411FF5FF4500085BCF /* Info.plist */,
			);
			path = BumpBumpTests;
			sourceTree = "<group>";
		};
		E642C36BFCA586CC4D5C4AFF /* Utils */ = {
			isa = PBXGroup;
			children = (
				E642C2BA063ECF17D1A905DE /* SCNOperators.swift */,
				E642CE67597860D537A7CC0E /* SimpleCollider.swift */,
				E642CE8621007F60C056AD6E /* UIColorExtension.swift */,
			);
			path = Utils;
			sourceTree = "<group>";
		};
		E642C50F1D5B96809AB77C23 /* Game */ = {
			isa = PBXGroup;
			children = (
				E642C36BFCA586CC4D5C4AFF /* Utils */,
				E642CB3431073F0F1E46DBB4 /* Roles */,
				E642C6FA31B7C858DC92FEAC /* Controllers */,
				E642C7B7A1C34A0A12C5CF23 /* Game.swift */,
			);
			path = Game;
			sourceTree = "<group>";
		};
		E642C6FA31B7C858DC92FEAC /* Controllers */ = {
			isa = PBXGroup;
			children = (
				E642CCF5B59CA7ACB64B32A5 /* PressInputController.swift */,
				E642CA4C54068CEF5173EDA3 /* CameraController.swift */,
				E642C536B41CF0BDAA19DE2F /* BoxController.swift */,
				E642CA600B160834871C4791 /* PlayerController.swift */,
				E642CCECD64139B287B16A3D /* ControllerProtocol.swift */,
			);
			path = Controllers;
			sourceTree = "<group>";
		};
		E642CB3431073F0F1E46DBB4 /* Roles */ = {
			isa = PBXGroup;
			children = (
				E642C5042BEA9EFB56615623 /* Player.swift */,
				E642CEF4CB02709223956FB6 /* BaseBox.swift */,
			);
			path = Roles;
			sourceTree = "<group>";
		};
/* End PBXGroup section */

/* Begin PBXNativeTarget section */
		8EE2F5241FF5FF4400085BCF /* BumpBump */ = {
			isa = PBXNativeTarget;
			buildConfigurationList = 8EE2F5441FF5FF4500085BCF /* Build configuration list for PBXNativeTarget "BumpBump" */;
			buildPhases = (
				8EE2F5211FF5FF4400085BCF /* Sources */,
				8EE2F5221FF5FF4400085BCF /* Frameworks */,
				8EE2F5231FF5FF4400085BCF /* Resources */,
			);
			buildRules = (
			);
			dependencies = (
			);
			name = BumpBump;
			productName = BumpBump;
			productReference = 8EE2F5251FF5FF4400085BCF /* BumpBump.app */;
			productType = "com.apple.product-type.application";
		};
		8EE2F53A1FF5FF4500085BCF /* BumpBumpTests */ = {
			isa = PBXNativeTarget;
			buildConfigurationList = 8EE2F5471FF5FF4500085BCF /* Build configuration list for PBXNativeTarget "BumpBumpTests" */;
			buildPhases = (
				8EE2F5371FF5FF4500085BCF /* Sources */,
				8EE2F5381FF5FF4500085BCF /* Frameworks */,
				8EE2F5391FF5FF4500085BCF /* Resources */,
			);
			buildRules = (
			);
			dependencies = (
				8EE2F53D1FF5FF4500085BCF /* PBXTargetDependency */,
			);
			name = BumpBumpTests;
			productName = BumpBumpTests;
			productReference = 8EE2F53B1FF5FF4500085BCF /* BumpBumpTests.xctest */;
			productType = "com.apple.product-type.bundle.unit-test";
		};
/* End PBXNativeTarget section */

/* Begin PBXProject section */
		8EE2F51D1FF5FF4400085BCF /* Project object */ = {
			isa = PBXProject;
			attributes = {
				LastSwiftUpdateCheck = 0910;
				LastUpgradeCheck = 0910;
				ORGANIZATIONNAME = ocean;
				TargetAttributes = {
					8EE2F5241FF5FF4400085BCF = {
						CreatedOnToolsVersion = 9.1;
						ProvisioningStyle = Automatic;
					};
					8EE2F53A1FF5FF4500085BCF = {
						CreatedOnToolsVersion = 9.1;
						ProvisioningStyle = Automatic;
						TestTargetID = 8EE2F5241FF5FF4400085BCF;
					};
				};
			};
			buildConfigurationList = 8EE2F5201FF5FF4400085BCF /* Build configuration list for PBXProject "BumpBump" */;
			compatibilityVersion = "Xcode 8.0";
			developmentRegion = en;
			hasScannedForEncodings = 0;
			knownRegions = (
				en,
				Base,
			);
			mainGroup = 8EE2F51C1FF5FF4400085BCF;
			productRefGroup = 8EE2F5261FF5FF4400085BCF /* Products */;
			projectDirPath = "";
			projectRoot = "";
			targets = (
				8EE2F5241FF5FF4400085BCF /* BumpBump */,
				8EE2F53A1FF5FF4500085BCF /* BumpBumpTests */,
			);
		};
/* End PBXProject section */

/* Begin PBXResourcesBuildPhase section */
		8EE2F5231FF5FF4400085BCF /* Resources */ = {
			isa = PBXResourcesBuildPhase;
			buildActionMask = 2147483647;
			files = (
				8EE2F52B1FF5FF4400085BCF /* art.scnassets in Resources */,
				8EE2F5351FF5FF4400085BCF /* LaunchScreen.storyboard in Resources */,
				8EE2F5321FF5FF4400085BCF /* Assets.xcassets in Resources */,
				3D75A8331FF965B400B93F3C /* spark.png in Resources */,
				8EE2F5301FF5FF4400085BCF /* Main.storyboard in Resources */,
				8EE2F54B1FFB4E6600085BCF /* upheavtt.ttf in Resources */,
				3D75A82F1FF9653A00B93F3C /* star.png in Resources */,
				3D75A8321FF965B400B93F3C /* prepare.scnp in Resources */,
			);
			runOnlyForDeploymentPostprocessing = 0;
		};
		8EE2F5391FF5FF4500085BCF /* Resources */ = {
			isa = PBXResourcesBuildPhase;
			buildActionMask = 2147483647;
			files = (
			);
			runOnlyForDeploymentPostprocessing = 0;
		};
/* End PBXResourcesBuildPhase section */

/* Begin PBXSourcesBuildPhase section */
		8EE2F5211FF5FF4400085BCF /* Sources */ = {
			isa = PBXSourcesBuildPhase;
			buildActionMask = 2147483647;
			files = (
				8EE2F52D1FF5FF4400085BCF /* GameViewController.swift in Sources */,
				8EE2F5291FF5FF4400085BCF /* AppDelegate.swift in Sources */,
				E642CC1D89352CBF1C19D5AE /* GameObject.swift in Sources */,
				E642C3D22431159CDEAABB74 /* Player.swift in Sources */,
				E642CD3666201FCD975B240D /* BaseBox.swift in Sources */,
				E642CDD9D0E78B221799436D /* SCNOperators.swift in Sources */,
				E642C4D8C495D166DE36754F /* SimpleCollider.swift in Sources */,
				E642C35AC971E968970A704D /* PressInputController.swift in Sources */,
				E642CE5E13D19EC70C607C73 /* CameraController.swift in Sources */,
				E642C2D1ABD4ACB6207710A8 /* BoxController.swift in Sources */,
				E642C62B7B456977C6242AAD /* Game.swift in Sources */,
				E642CDAE7856F862380813DF /* PlayerController.swift in Sources */,
				E642CDAF5932FE2FD881B5A7 /* ControllerProtocol.swift in Sources */,
				E642CE1F227FB9AB8187FDA5 /* UIColorExtension.swift in Sources */,
			);
			runOnlyForDeploymentPostprocessing = 0;
		};
		8EE2F5371FF5FF4500085BCF /* Sources */ = {
			isa = PBXSourcesBuildPhase;
			buildActionMask = 2147483647;
			files = (
				8EE2F5401FF5FF4500085BCF /* BumpBumpTests.swift in Sources */,
			);
			runOnlyForDeploymentPostprocessing = 0;
		};
/* End PBXSourcesBuildPhase section */

/* Begin PBXTargetDependency section */
		8EE2F53D1FF5FF4500085BCF /* PBXTargetDependency */ = {
			isa = PBXTargetDependency;
			target = 8EE2F5241FF5FF4400085BCF /* BumpBump */;
			targetProxy = 8EE2F53C1FF5FF4500085BCF /* PBXContainerItemProxy */;
		};
/* End PBXTargetDependency section */

/* Begin PBXVariantGroup section */
		8EE2F52E1FF5FF4400085BCF /* Main.storyboard */ = {
			isa = PBXVariantGroup;
			children = (
				8EE2F52F1FF5FF4400085BCF /* Base */,
			);
			name = Main.storyboard;
			sourceTree = "<group>";
		};
		8EE2F5331FF5FF4400085BCF /* LaunchScreen.storyboard */ = {
			isa = PBXVariantGroup;
			children = (
				8EE2F5341FF5FF4400085BCF /* Base */,
			);
			name = LaunchScreen.storyboard;
			sourceTree = "<group>";
		};
/* End PBXVariantGroup section */

/* Begin XCBuildConfiguration section */
		8EE2F5421FF5FF4500085BCF /* Debug */ = {
			isa = XCBuildConfiguration;
			buildSettings = {
				ALWAYS_SEARCH_USER_PATHS = NO;
				CLANG_ANALYZER_NONNULL = YES;
				CLANG_ANALYZER_NUMBER_OBJECT_CONVERSION = YES_AGGRESSIVE;
				CLANG_CXX_LANGUAGE_STANDARD = "gnu++14";
				CLANG_CXX_LIBRARY = "libc++";
				CLANG_ENABLE_MODULES = YES;
				CLANG_ENABLE_OBJC_ARC = YES;
				CLANG_WARN_BLOCK_CAPTURE_AUTORELEASING = YES;
				CLANG_WARN_BOOL_CONVERSION = YES;
				CLANG_WARN_COMMA = YES;
				CLANG_WARN_CONSTANT_CONVERSION = YES;
				CLANG_WARN_DIRECT_OBJC_ISA_USAGE = YES_ERROR;
				CLANG_WARN_DOCUMENTATION_COMMENTS = YES;
				CLANG_WARN_EMPTY_BODY = YES;
				CLANG_WARN_ENUM_CONVERSION = YES;
				CLANG_WARN_INFINITE_RECURSION = YES;
				CLANG_WARN_INT_CONVERSION = YES;
				CLANG_WARN_NON_LITERAL_NULL_CONVERSION = YES;
				CLANG_WARN_OBJC_LITERAL_CONVERSION = YES;
				CLANG_WARN_OBJC_ROOT_CLASS = YES_ERROR;
				CLANG_WARN_RANGE_LOOP_ANALYSIS = YES;
				CLANG_WARN_STRICT_PROTOTYPES = YES;
				CLANG_WARN_SUSPICIOUS_MOVE = YES;
				CLANG_WARN_UNGUARDED_AVAILABILITY = YES_AGGRESSIVE;
				CLANG_WARN_UNREACHABLE_CODE = YES;
				CLANG_WARN__DUPLICATE_METHOD_MATCH = YES;
				CODE_SIGN_IDENTITY = "iPhone Developer";
				COPY_PHASE_STRIP = NO;
				DEBUG_INFORMATION_FORMAT = dwarf;
				ENABLE_STRICT_OBJC_MSGSEND = YES;
				ENABLE_TESTABILITY = YES;
				GCC_C_LANGUAGE_STANDARD = gnu11;
				GCC_DYNAMIC_NO_PIC = NO;
				GCC_NO_COMMON_BLOCKS = YES;
				GCC_OPTIMIZATION_LEVEL = 0;
				GCC_PREPROCESSOR_DEFINITIONS = (
					"DEBUG=1",
					"$(inherited)",
				);
				GCC_WARN_64_TO_32_BIT_CONVERSION = YES;
				GCC_WARN_ABOUT_RETURN_TYPE = YES_ERROR;
				GCC_WARN_UNDECLARED_SELECTOR = YES;
				GCC_WARN_UNINITIALIZED_AUTOS = YES_AGGRESSIVE;
				GCC_WARN_UNUSED_FUNCTION = YES;
				GCC_WARN_UNUSED_VARIABLE = YES;
				IPHONEOS_DEPLOYMENT_TARGET = 11.1;
				MTL_ENABLE_DEBUG_INFO = YES;
				ONLY_ACTIVE_ARCH = YES;
				SDKROOT = iphoneos;
				SWIFT_ACTIVE_COMPILATION_CONDITIONS = DEBUG;
				SWIFT_OPTIMIZATION_LEVEL = "-Onone";
			};
			name = Debug;
		};
		8EE2F5431FF5FF4500085BCF /* Release */ = {
			isa = XCBuildConfiguration;
			buildSettings = {
				ALWAYS_SEARCH_USER_PATHS = NO;
				CLANG_ANALYZER_NONNULL = YES;
				CLANG_ANALYZER_NUMBER_OBJECT_CONVERSION = YES_AGGRESSIVE;
				CLANG_CXX_LANGUAGE_STANDARD = "gnu++14";
				CLANG_CXX_LIBRARY = "libc++";
				CLANG_ENABLE_MODULES = YES;
				CLANG_ENABLE_OBJC_ARC = YES;
				CLANG_WARN_BLOCK_CAPTURE_AUTORELEASING = YES;
				CLANG_WARN_BOOL_CONVERSION = YES;
				CLANG_WARN_COMMA = YES;
				CLANG_WARN_CONSTANT_CONVERSION = YES;
				CLANG_WARN_DIRECT_OBJC_ISA_USAGE = YES_ERROR;
				CLANG_WARN_DOCUMENTATION_COMMENTS = YES;
				CLANG_WARN_EMPTY_BODY = YES;
				CLANG_WARN_ENUM_CONVERSION = YES;
				CLANG_WARN_INFINITE_RECURSION = YES;
				CLANG_WARN_INT_CONVERSION = YES;
				CLANG_WARN_NON_LITERAL_NULL_CONVERSION = YES;
				CLANG_WARN_OBJC_LITERAL_CONVERSION = YES;
				CLANG_WARN_OBJC_ROOT_CLASS = YES_ERROR;
				CLANG_WARN_RANGE_LOOP_ANALYSIS = YES;
				CLANG_WARN_STRICT_PROTOTYPES = YES;
				CLANG_WARN_SUSPICIOUS_MOVE = YES;
				CLANG_WARN_UNGUARDED_AVAILABILITY = YES_AGGRESSIVE;
				CLANG_WARN_UNREACHABLE_CODE = YES;
				CLANG_WARN__DUPLICATE_METHOD_MATCH = YES;
				CODE_SIGN_IDENTITY = "iPhone Developer";
				COPY_PHASE_STRIP = NO;
				DEBUG_INFORMATION_FORMAT = "dwarf-with-dsym";
				ENABLE_NS_ASSERTIONS = NO;
				ENABLE_STRICT_OBJC_MSGSEND = YES;
				GCC_C_LANGUAGE_STANDARD = gnu11;
				GCC_NO_COMMON_BLOCKS = YES;
				GCC_WARN_64_TO_32_BIT_CONVERSION = YES;
				GCC_WARN_ABOUT_RETURN_TYPE = YES_ERROR;
				GCC_WARN_UNDECLARED_SELECTOR = YES;
				GCC_WARN_UNINITIALIZED_AUTOS = YES_AGGRESSIVE;
				GCC_WARN_UNUSED_FUNCTION = YES;
				GCC_WARN_UNUSED_VARIABLE = YES;
				IPHONEOS_DEPLOYMENT_TARGET = 11.1;
				MTL_ENABLE_DEBUG_INFO = NO;
				SDKROOT = iphoneos;
				SWIFT_OPTIMIZATION_LEVEL = "-Owholemodule";
				VALIDATE_PRODUCT = YES;
			};
			name = Release;
		};
		8EE2F5451FF5FF4500085BCF /* Debug */ = {
			isa = XCBuildConfiguration;
			buildSettings = {
				ASSETCATALOG_COMPILER_APPICON_NAME = AppIcon;
				CODE_SIGN_STYLE = Automatic;
				DEVELOPMENT_TEAM = P48344HVQL;
				INFOPLIST_FILE = BumpBump/Info.plist;
				LD_RUNPATH_SEARCH_PATHS = "$(inherited) @executable_path/Frameworks";
				PRODUCT_BUNDLE_IDENTIFIER = me.ocean.BumpBump;
				PRODUCT_NAME = "$(TARGET_NAME)";
				SWIFT_VERSION = 4.0;
				TARGETED_DEVICE_FAMILY = "1,2";
			};
			name = Debug;
		};
		8EE2F5461FF5FF4500085BCF /* Release */ = {
			isa = XCBuildConfiguration;
			buildSettings = {
				ASSETCATALOG_COMPILER_APPICON_NAME = AppIcon;
				CODE_SIGN_STYLE = Automatic;
				DEVELOPMENT_TEAM = P48344HVQL;
				INFOPLIST_FILE = BumpBump/Info.plist;
				LD_RUNPATH_SEARCH_PATHS = "$(inherited) @executable_path/Frameworks";
				PRODUCT_BUNDLE_IDENTIFIER = me.ocean.BumpBump;
				PRODUCT_NAME = "$(TARGET_NAME)";
				SWIFT_VERSION = 4.0;
				TARGETED_DEVICE_FAMILY = "1,2";
			};
			name = Release;
		};
		8EE2F5481FF5FF4500085BCF /* Debug */ = {
			isa = XCBuildConfiguration;
			buildSettings = {
				ALWAYS_EMBED_SWIFT_STANDARD_LIBRARIES = YES;
				BUNDLE_LOADER = "$(TEST_HOST)";
				CODE_SIGN_STYLE = Automatic;
				DEVELOPMENT_TEAM = P48344HVQL;
				INFOPLIST_FILE = BumpBumpTests/Info.plist;
				LD_RUNPATH_SEARCH_PATHS = "$(inherited) @executable_path/Frameworks @loader_path/Frameworks";
				PRODUCT_BUNDLE_IDENTIFIER = me.ocean.BumpBumpTests;
				PRODUCT_NAME = "$(TARGET_NAME)";
				SWIFT_VERSION = 4.0;
				TARGETED_DEVICE_FAMILY = "1,2";
				TEST_HOST = "$(BUILT_PRODUCTS_DIR)/BumpBump.app/BumpBump";
			};
			name = Debug;
		};
		8EE2F5491FF5FF4500085BCF /* Release */ = {
			isa = XCBuildConfiguration;
			buildSettings = {
				ALWAYS_EMBED_SWIFT_STANDARD_LIBRARIES = YES;
				BUNDLE_LOADER = "$(TEST_HOST)";
				CODE_SIGN_STYLE = Automatic;
				DEVELOPMENT_TEAM = P48344HVQL;
				INFOPLIST_FILE = BumpBumpTests/Info.plist;
				LD_RUNPATH_SEARCH_PATHS = "$(inherited) @executable_path/Frameworks @loader_path/Frameworks";
				PRODUCT_BUNDLE_IDENTIFIER = me.ocean.BumpBumpTests;
				PRODUCT_NAME = "$(TARGET_NAME)";
				SWIFT_VERSION = 4.0;
				TARGETED_DEVICE_FAMILY = "1,2";
				TEST_HOST = "$(BUILT_PRODUCTS_DIR)/BumpBump.app/BumpBump";
			};
			name = Release;
		};
/* End XCBuildConfiguration section */

/* Begin XCConfigurationList section */
		8EE2F5201FF5FF4400085BCF /* Build configuration list for PBXProject "BumpBump" */ = {
			isa = XCConfigurationList;
			buildConfigurations = (
				8EE2F5421FF5FF4500085BCF /* Debug */,
				8EE2F5431FF5FF4500085BCF /* Release */,
			);
			defaultConfigurationIsVisible = 0;
			defaultConfigurationName = Release;
		};
		8EE2F5441FF5FF4500085BCF /* Build configuration list for PBXNativeTarget "BumpBump" */ = {
			isa = XCConfigurationList;
			buildConfigurations = (
				8EE2F5451FF5FF4500085BCF /* Debug */,
				8EE2F5461FF5FF4500085BCF /* Release */,
			);
			defaultConfigurationIsVisible = 0;
			defaultConfigurationName = Release;
		};
		8EE2F5471FF5FF4500085BCF /* Build configuration list for PBXNativeTarget "BumpBumpTests" */ = {
			isa = XCConfigurationList;
			buildConfigurations = (
				8EE2F5481FF5FF4500085BCF /* Debug */,
				8EE2F5491FF5FF4500085BCF /* Release */,
			);
			defaultConfigurationIsVisible = 0;
			defaultConfigurationName = Release;
		};
/* End XCConfigurationList section */
	};
	rootObject = 8EE2F51D1FF5FF4400085BCF /* Project object */;
}
